// !$*UTF8*$!
{
	archiveVersion = 1;
	classes = {
	};
	objectVersion = 50;
	objects = {

/* Begin PBXBuildFile section */
		853185C225E720C1007B24FF /* AppDelegate.swift in Sources */ = {isa = PBXBuildFile; fileRef = 853185C125E720C1007B24FF /* AppDelegate.swift */; };
		853185C425E720C1007B24FF /* SceneDelegate.swift in Sources */ = {isa = PBXBuildFile; fileRef = 853185C325E720C1007B24FF /* SceneDelegate.swift */; };
		853185C625E720C1007B24FF /* WeatherViewController.swift in Sources */ = {isa = PBXBuildFile; fileRef = 853185C525E720C1007B24FF /* WeatherViewController.swift */; };
		853185C925E720C1007B24FF /* Main.storyboard in Resources */ = {isa = PBXBuildFile; fileRef = 853185C725E720C1007B24FF /* Main.storyboard */; };
		853185CB25E720C2007B24FF /* Assets.xcassets in Resources */ = {isa = PBXBuildFile; fileRef = 853185CA25E720C2007B24FF /* Assets.xcassets */; };
		853185CE25E720C2007B24FF /* LaunchScreen.storyboard in Resources */ = {isa = PBXBuildFile; fileRef = 853185CC25E720C2007B24FF /* LaunchScreen.storyboard */; };
		85D5131225E73FC7008DAB13 /* Networking.swift in Sources */ = {isa = PBXBuildFile; fileRef = 85D5131125E73FC7008DAB13 /* Networking.swift */; };
		85D5131525E74386008DAB13 /* WeatherData.swift in Sources */ = {isa = PBXBuildFile; fileRef = 85D5131425E74386008DAB13 /* WeatherData.swift */; };
		85D5132325E74FFC008DAB13 /* WeatherModel.swift in Sources */ = {isa = PBXBuildFile; fileRef = 85D5132225E74FFC008DAB13 /* WeatherModel.swift */; };
/* End PBXBuildFile section */

/* Begin PBXFileReference section */
		853185BE25E720C1007B24FF /* WeatherApp.app */ = {isa = PBXFileReference; explicitFileType = wrapper.application; includeInIndex = 0; path = WeatherApp.app; sourceTree = BUILT_PRODUCTS_DIR; };
		853185C125E720C1007B24FF /* AppDelegate.swift */ = {isa = PBXFileReference; lastKnownFileType = sourcecode.swift; path = AppDelegate.swift; sourceTree = "<group>"; };
		853185C325E720C1007B24FF /* SceneDelegate.swift */ = {isa = PBXFileReference; lastKnownFileType = sourcecode.swift; path = SceneDelegate.swift; sourceTree = "<group>"; };
		853185C525E720C1007B24FF /* WeatherViewController.swift */ = {isa = PBXFileReference; lastKnownFileType = sourcecode.swift; path = WeatherViewController.swift; sourceTree = "<group>"; };
		853185C825E720C1007B24FF /* Base */ = {isa = PBXFileReference; lastKnownFileType = file.storyboard; name = Base; path = Base.lproj/Main.storyboard; sourceTree = "<group>"; };
		853185CA25E720C2007B24FF /* Assets.xcassets */ = {isa = PBXFileReference; lastKnownFileType = folder.assetcatalog; path = Assets.xcassets; sourceTree = "<group>"; };
		853185CD25E720C2007B24FF /* Base */ = {isa = PBXFileReference; lastKnownFileType = file.storyboard; name = Base; path = Base.lproj/LaunchScreen.storyboard; sourceTree = "<group>"; };
		853185CF25E720C2007B24FF /* Info.plist */ = {isa = PBXFileReference; lastKnownFileType = text.plist.xml; path = Info.plist; sourceTree = "<group>"; };
		85D5131125E73FC7008DAB13 /* Networking.swift */ = {isa = PBXFileReference; lastKnownFileType = sourcecode.swift; path = Networking.swift; sourceTree = "<group>"; };
		85D5131425E74386008DAB13 /* WeatherData.swift */ = {isa = PBXFileReference; lastKnownFileType = sourcecode.swift; path = WeatherData.swift; sourceTree = "<group>"; };
		85D5132225E74FFC008DAB13 /* WeatherModel.swift */ = {isa = PBXFileReference; lastKnownFileType = sourcecode.swift; path = WeatherModel.swift; sourceTree = "<group>"; };
		85D5132525E7833C008DAB13 /* README.md */ = {isa = PBXFileReference; lastKnownFileType = net.daringfireball.markdown; path = README.md; sourceTree = "<group>"; };
/* End PBXFileReference section */

/* Begin PBXFrameworksBuildPhase section */
		853185BB25E720C1007B24FF /* Frameworks */ = {
			isa = PBXFrameworksBuildPhase;
			buildActionMask = 2147483647;
			files = (
			);
			runOnlyForDeploymentPostprocessing = 0;
		};
/* End PBXFrameworksBuildPhase section */

/* Begin PBXGroup section */
		853185B525E720C1007B24FF = {
			isa = PBXGroup;
			children = (
				85D5132525E7833C008DAB13 /* README.md */,
				853185C025E720C1007B24FF /* WeatherApp */,
				853185BF25E720C1007B24FF /* Products */,
			);
			sourceTree = "<group>";
		};
		853185BF25E720C1007B24FF /* Products */ = {
			isa = PBXGroup;
			children = (
				853185BE25E720C1007B24FF /* WeatherApp.app */,
			);
			name = Products;
			sourceTree = "<group>";
		};
		853185C025E720C1007B24FF /* WeatherApp */ = {
			isa = PBXGroup;
			children = (
				853185C125E720C1007B24FF /* AppDelegate.swift */,
				853185C325E720C1007B24FF /* SceneDelegate.swift */,
				853185DC25E72154007B24FF /* Network */,
				853185DB25E72143007B24FF /* Model */,
				853185D825E72102007B24FF /* View Controllers */,
				853185D925E72124007B24FF /* View */,
				853185CA25E720C2007B24FF /* Assets.xcassets */,
				853185CF25E720C2007B24FF /* Info.plist */,
			);
			path = WeatherApp;
			sourceTree = "<group>";
		};
		853185D825E72102007B24FF /* View Controllers */ = {
			isa = PBXGroup;
			children = (
				853185C525E720C1007B24FF /* WeatherViewController.swift */,
			);
			path = "View Controllers";
			sourceTree = "<group>";
		};
		853185D925E72124007B24FF /* View */ = {
			isa = PBXGroup;
			children = (
				853185C725E720C1007B24FF /* Main.storyboard */,
				853185CC25E720C2007B24FF /* LaunchScreen.storyboard */,
			);
			path = View;
			sourceTree = "<group>";
		};
		853185DB25E72143007B24FF /* Model */ = {
			isa = PBXGroup;
			children = (
				85D5131425E74386008DAB13 /* WeatherData.swift */,
				85D5132225E74FFC008DAB13 /* WeatherModel.swift */,
			);
			path = Model;
			sourceTree = "<group>";
		};
		853185DC25E72154007B24FF /* Network */ = {
			isa = PBXGroup;
			children = (
				85D5131125E73FC7008DAB13 /* Networking.swift */,
			);
			path = Network;
			sourceTree = "<group>";
		};
/* End PBXGroup section */

/* Begin PBXNativeTarget section */
		853185BD25E720C1007B24FF /* WeatherApp */ = {
			isa = PBXNativeTarget;
			buildConfigurationList = 853185D225E720C2007B24FF /* Build configuration list for PBXNativeTarget "WeatherApp" */;
			buildPhases = (
				853185BA25E720C1007B24FF /* Sources */,
				853185BB25E720C1007B24FF /* Frameworks */,
				853185BC25E720C1007B24FF /* Resources */,
			);
			buildRules = (
			);
			dependencies = (
			);
			name = WeatherApp;
			productName = WeatherApp;
			productReference = 853185BE25E720C1007B24FF /* WeatherApp.app */;
			productType = "com.apple.product-type.application";
		};
/* End PBXNativeTarget section */

/* Begin PBXProject section */
		853185B625E720C1007B24FF /* Project object */ = {
			isa = PBXProject;
			attributes = {
				LastSwiftUpdateCheck = 1240;
				LastUpgradeCheck = 1240;
				TargetAttributes = {
					853185BD25E720C1007B24FF = {
						CreatedOnToolsVersion = 12.4;
					};
				};
			};
			buildConfigurationList = 853185B925E720C1007B24FF /* Build configuration list for PBXProject "WeatherApp" */;
			compatibilityVersion = "Xcode 9.3";
			developmentRegion = en;
			hasScannedForEncodings = 0;
			knownRegions = (
				en,
				Base,
			);
			mainGroup = 853185B525E720C1007B24FF;
			productRefGroup = 853185BF25E720C1007B24FF /* Products */;
			projectDirPath = "";
			projectRoot = "";
			targets = (
				853185BD25E720C1007B24FF /* WeatherApp */,
			);
		};
/* End PBXProject section */

/* Begin PBXResourcesBuildPhase section */
		853185BC25E720C1007B24FF /* Resources */ = {
			isa = PBXResourcesBuildPhase;
			buildActionMask = 2147483647;
			files = (
				853185CE25E720C2007B24FF /* LaunchScreen.storyboard in Resources */,
				853185CB25E720C2007B24FF /* Assets.xcassets in Resources */,
				853185C925E720C1007B24FF /* Main.storyboard in Resources */,
			);
			runOnlyForDeploymentPostprocessing = 0;
		};
/* End PBXResourcesBuildPhase section */

/* Begin PBXSourcesBuildPhase section */
		853185BA25E720C1007B24FF /* Sources */ = {
			isa = PBXSourcesBuildPhase;
			buildActionMask = 2147483647;
			files = (
				853185C625E720C1007B24FF /* WeatherViewController.swift in Sources */,
				85D5131525E74386008DAB13 /* WeatherData.swift in Sources */,
				853185C225E720C1007B24FF /* AppDelegate.swift in Sources */,
				853185C425E720C1007B24FF /* SceneDelegate.swift in Sources */,
				85D5132325E74FFC008DAB13 /* WeatherModel.swift in Sources */,
				85D5131225E73FC7008DAB13 /* Networking.swift in Sources */,
			);
			runOnlyForDeploymentPostprocessing = 0;
		};
/* End PBXSourcesBuildPhase section */

/* Begin PBXVariantGroup section */
		853185C725E720C1007B24FF /* Main.storyboard */ = {
			isa = PBXVariantGroup;
			children = (
				853185C825E720C1007B24FF /* Base */,
			);
			name = Main.storyboard;
			sourceTree = "<group>";
		};
		853185CC25E720C2007B24FF /* LaunchScreen.storyboard */ = {
			isa = PBXVariantGroup;
			children = (
				853185CD25E720C2007B24FF /* Base */,
			);
			name = LaunchScreen.storyboard;
			sourceTree = "<group>";
		};
/* End PBXVariantGroup section */

/* Begin XCBuildConfiguration section */
		853185D025E720C2007B24FF /* Debug */ = {
			isa = XCBuildConfiguration;
			buildSettings = {
				ALWAYS_SEARCH_USER_PATHS = NO;
				CLANG_ANALYZER_NONNULL = YES;
				CLANG_ANALYZER_NUMBER_OBJECT_CONVERSION = YES_AGGRESSIVE;
				CLANG_CXX_LANGUAGE_STANDARD = "gnu++14";
				CLANG_CXX_LIBRARY = "libc++";
				CLANG_ENABLE_MODULES = YES;
				CLANG_ENABLE_OBJC_ARC = YES;
				CLANG_ENABLE_OBJC_WEAK = YES;
				CLANG_WARN_BLOCK_CAPTURE_AUTORELEASING = YES;
				CLANG_WARN_BOOL_CONVERSION = YES;
				CLANG_WARN_COMMA = YES;
				CLANG_WARN_CONSTANT_CONVERSION = YES;
				CLANG_WARN_DEPRECATED_OBJC_IMPLEMENTATIONS = YES;
				CLANG_WARN_DIRECT_OBJC_ISA_USAGE = YES_ERROR;
				CLANG_WARN_DOCUMENTATION_COMMENTS = YES;
				CLANG_WARN_EMPTY_BODY = YES;
				CLANG_WARN_ENUM_CONVERSION = YES;
				CLANG_WARN_INFINITE_RECURSION = YES;
				CLANG_WARN_INT_CONVERSION = YES;
				CLANG_WARN_NON_LITERAL_NULL_CONVERSION = YES;
				CLANG_WARN_OBJC_IMPLICIT_RETAIN_SELF = YES;
				CLANG_WARN_OBJC_LITERAL_CONVERSION = YES;
				CLANG_WARN_OBJC_ROOT_CLASS = YES_ERROR;
				CLANG_WARN_QUOTED_INCLUDE_IN_FRAMEWORK_HEADER = YES;
				CLANG_WARN_RANGE_LOOP_ANALYSIS = YES;
				CLANG_WARN_STRICT_PROTOTYPES = YES;
				CLANG_WARN_SUSPICIOUS_MOVE = YES;
				CLANG_WARN_UNGUARDED_AVAILABILITY = YES_AGGRESSIVE;
				CLANG_WARN_UNREACHABLE_CODE = YES;
				CLANG_WARN__DUPLICATE_METHOD_MATCH = YES;
				COPY_PHASE_STRIP = NO;
				DEBUG_INFORMATION_FORMAT = dwarf;
				ENABLE_STRICT_OBJC_MSGSEND = YES;
				ENABLE_TESTABILITY = YES;
				GCC_C_LANGUAGE_STANDARD = gnu11;
				GCC_DYNAMIC_NO_PIC = NO;
				GCC_NO_COMMON_BLOCKS = YES;
				GCC_OPTIMIZATION_LEVEL = 0;
				GCC_PREPROCESSOR_DEFINITIONS = (
					"DEBUG=1",
					"$(inherited)",
				);
				GCC_WARN_64_TO_32_BIT_CONVERSION = YES;
				GCC_WARN_ABOUT_RETURN_TYPE = YES_ERROR;
				GCC_WARN_UNDECLARED_SELECTOR = YES;
				GCC_WARN_UNINITIALIZED_AUTOS = YES_AGGRESSIVE;
				GCC_WARN_UNUSED_FUNCTION = YES;
				GCC_WARN_UNUSED_VARIABLE = YES;
				IPHONEOS_DEPLOYMENT_TARGET = 14.4;
				MTL_ENABLE_DEBUG_INFO = INCLUDE_SOURCE;
				MTL_FAST_MATH = YES;
				ONLY_ACTIVE_ARCH = YES;
				SDKROOT = iphoneos;
				SWIFT_ACTIVE_COMPILATION_CONDITIONS = DEBUG;
				SWIFT_OPTIMIZATION_LEVEL = "-Onone";
			};
			name = Debug;
		};
		853185D125E720C2007B24FF /* Release */ = {
			isa = XCBuildConfiguration;
			buildSettings = {
				ALWAYS_SEARCH_USER_PATHS = NO;
				CLANG_ANALYZER_NONNULL = YES;
				CLANG_ANALYZER_NUMBER_OBJECT_CONVERSION = YES_AGGRESSIVE;
				CLANG_CXX_LANGUAGE_STANDARD = "gnu++14";
				CLANG_CXX_LIBRARY = "libc++";
				CLANG_ENABLE_MODULES = YES;
				CLANG_ENABLE_OBJC_ARC = YES;
				CLANG_ENABLE_OBJC_WEAK = YES;
				CLANG_WARN_BLOCK_CAPTURE_AUTORELEASING = YES;
				CLANG_WARN_BOOL_CONVERSION = YES;
				CLANG_WARN_COMMA = YES;
				CLANG_WARN_CONSTANT_CONVERSION = YES;
				CLANG_WARN_DEPRECATED_OBJC_IMPLEMENTATIONS = YES;
				CLANG_WARN_DIRECT_OBJC_ISA_USAGE = YES_ERROR;
				CLANG_WARN_DOCUMENTATION_COMMENTS = YES;
				CLANG_WARN_EMPTY_BODY = YES;
				CLANG_WARN_ENUM_CONVERSION = YES;
				CLANG_WARN_INFINITE_RECURSION = YES;
				CLANG_WARN_INT_CONVERSION = YES;
				CLANG_WARN_NON_LITERAL_NULL_CONVERSION = YES;
				CLANG_WARN_OBJC_IMPLICIT_RETAIN_SELF = YES;
				CLANG_WARN_OBJC_LITERAL_CONVERSION = YES;
				CLANG_WARN_OBJC_ROOT_CLASS = YES_ERROR;
				CLANG_WARN_QUOTED_INCLUDE_IN_FRAMEWORK_HEADER = YES;
				CLANG_WARN_RANGE_LOOP_ANALYSIS = YES;
				CLANG_WARN_STRICT_PROTOTYPES = YES;
				CLANG_WARN_SUSPICIOUS_MOVE = YES;
				CLANG_WARN_UNGUARDED_AVAILABILITY = YES_AGGRESSIVE;
				CLANG_WARN_UNREACHABLE_CODE = YES;
				CLANG_WARN__DUPLICATE_METHOD_MATCH = YES;
				COPY_PHASE_STRIP = NO;
				DEBUG_INFORMATION_FORMAT = "dwarf-with-dsym";
				ENABLE_NS_ASSERTIONS = NO;
				ENABLE_STRICT_OBJC_MSGSEND = YES;
				GCC_C_LANGUAGE_STANDARD = gnu11;
				GCC_NO_COMMON_BLOCKS = YES;
				GCC_WARN_64_TO_32_BIT_CONVERSION = YES;
				GCC_WARN_ABOUT_RETURN_TYPE = YES_ERROR;
				GCC_WARN_UNDECLARED_SELECTOR = YES;
				GCC_WARN_UNINITIALIZED_AUTOS = YES_AGGRESSIVE;
				GCC_WARN_UNUSED_FUNCTION = YES;
				GCC_WARN_UNUSED_VARIABLE = YES;
				IPHONEOS_DEPLOYMENT_TARGET = 14.4;
				MTL_ENABLE_DEBUG_INFO = NO;
				MTL_FAST_MATH = YES;
				SDKROOT = iphoneos;
				SWIFT_COMPILATION_MODE = wholemodule;
				SWIFT_OPTIMIZATION_LEVEL = "-O";
				VALIDATE_PRODUCT = YES;
			};
			name = Release;
		};
		853185D325E720C2007B24FF /* Debug */ = {
			isa = XCBuildConfiguration;
			buildSettings = {
				ASSETCATALOG_COMPILER_APPICON_NAME = AppIcon;
				ASSETCATALOG_COMPILER_GLOBAL_ACCENT_COLOR_NAME = AccentColor;
				CODE_SIGN_STYLE = Automatic;
				DEVELOPMENT_TEAM = BAZYH78TPA;
				INFOPLIST_FILE = WeatherApp/Info.plist;
				LD_RUNPATH_SEARCH_PATHS = (
					"$(inherited)",
					"@executable_path/Frameworks",
				);
				PRODUCT_BUNDLE_IDENTIFIER = com.rwbc.emilio.WeatherApp;
				PRODUCT_NAME = "$(TARGET_NAME)";
				SWIFT_VERSION = 5.0;
				TARGETED_DEVICE_FAMILY = "1,2";
			};
			name = Debug;
		};
		853185D425E720C2007B24FF /* Release */ = {
			isa = XCBuildConfiguration;
			buildSettings = {
				ASSETCATALOG_COMPILER_APPICON_NAME = AppIcon;
				ASSETCATALOG_COMPILER_GLOBAL_ACCENT_COLOR_NAME = AccentColor;
				CODE_SIGN_STYLE = Automatic;
				DEVELOPMENT_TEAM = BAZYH78TPA;
				INFOPLIST_FILE = WeatherApp/Info.plist;
				LD_RUNPATH_SEARCH_PATHS = (
					"$(inherited)",
					"@executable_path/Frameworks",
				);
				PRODUCT_BUNDLE_IDENTIFIER = com.rwbc.emilio.WeatherApp;
				PRODUCT_NAME = "$(TARGET_NAME)";
				SWIFT_VERSION = 5.0;
				TARGETED_DEVICE_FAMILY = "1,2";
			};
			name = Release;
		};
/* End XCBuildConfiguration section */

/* Begin XCConfigurationList section */
		853185B925E720C1007B24FF /* Build configuration list for PBXProject "WeatherApp" */ = {
			isa = XCConfigurationList;
			buildConfigurations = (
				853185D025E720C2007B24FF /* Debug */,
				853185D125E720C2007B24FF /* Release */,
			);
			defaultConfigurationIsVisible = 0;
			defaultConfigurationName = Release;
		};
		853185D225E720C2007B24FF /* Build configuration list for PBXNativeTarget "WeatherApp" */ = {
			isa = XCConfigurationList;
			buildConfigurations = (
				853185D325E720C2007B24FF /* Debug */,
				853185D425E720C2007B24FF /* Release */,
			);
			defaultConfigurationIsVisible = 0;
			defaultConfigurationName = Release;
		};
/* End XCConfigurationList section */
	};
	rootObject = 853185B625E720C1007B24FF /* Project object */;
}
